
Microsoft Visual Studio Solution File, Format Version 12.00
# Visual Studio 15
VisualStudioVersion = 15.0.27130.2027
MinimumVisualStudioVersion = 10.0.40219.1
Project("{8BC9CEB8-8B4A-11D0-8D11-00A0C91BC942}") = "cppcryptfs", "cppcryptfs\cppcryptfs.vcxproj", "{E21456E4-6518-425E-A6E8-D7D7E247FD0C}"
	ProjectSection(ProjectDependencies) = postProject
		{BF6AD86F-5D5B-42E5-AB6E-43EED9312C90} = {BF6AD86F-5D5B-42E5-AB6E-43EED9312C90}
	EndProjectSection
EndProject
Project("{8BC9CEB8-8B4A-11D0-8D11-00A0C91BC942}") = "libcppcryptfs", "libcppcryptfs\libcppcryptfs\libcppcryptfs.vcxproj", "{BF6AD86F-5D5B-42E5-AB6E-43EED9312C90}"
EndProject
Global
	GlobalSection(SolutionConfigurationPlatforms) = preSolution
		Debug|x64 = Debug|x64
		Debug|x86 = Debug|x86
		Release|x64 = Release|x64
		Release|x86 = Release|x86
	EndGlobalSection
	GlobalSection(ProjectConfigurationPlatforms) = postSolution
		{E21456E4-6518-425E-A6E8-D7D7E247FD0C}.Debug|x64.ActiveCfg = Debug|x64
		{E21456E4-6518-425E-A6E8-D7D7E247FD0C}.Debug|x64.Build.0 = Debug|x64
		{E21456E4-6518-425E-A6E8-D7D7E247FD0C}.Debug|x86.ActiveCfg = Debug|Win32
		{E21456E4-6518-425E-A6E8-D7D7E247FD0C}.Debug|x86.Build.0 = Debug|Win32
		{E21456E4-6518-425E-A6E8-D7D7E247FD0C}.Release|x64.ActiveCfg = Release|x64
		{E21456E4-6518-425E-A6E8-D7D7E247FD0C}.Release|x64.Build.0 = Release|x64
		{E21456E4-6518-425E-A6E8-D7D7E247FD0C}.Release|x86.ActiveCfg = Release|Win32
		{E21456E4-6518-425E-A6E8-D7D7E247FD0C}.Release|x86.Build.0 = Release|Win32
		{BF6AD86F-5D5B-42E5-AB6E-43EED9312C90}.Debug|x64.ActiveCfg = Debug|x64
		{BF6AD86F-5D5B-42E5-AB6E-43EED9312C90}.Debug|x64.Build.0 = Debug|x64
		{BF6AD86F-5D5B-42E5-AB6E-43EED9312C90}.Debug|x86.ActiveCfg = Debug|Win32
		{BF6AD86F-5D5B-42E5-AB6E-43EED9312C90}.Debug|x86.Build.0 = Debug|Win32
		{BF6AD86F-5D5B-42E5-AB6E-43EED9312C90}.Release|x64.ActiveCfg = Release|x64
		{BF6AD86F-5D5B-42E5-AB6E-43EED9312C90}.Release|x64.Build.0 = Release|x64
		{BF6AD86F-5D5B-42E5-AB6E-43EED9312C90}.Release|x86.ActiveCfg = Release|Win32
		{BF6AD86F-5D5B-42E5-AB6E-43EED9312C90}.Release|x86.Build.0 = Release|Win32
	EndGlobalSection
	GlobalSection(SolutionProperties) = preSolution
		HideSolutionNode = FALSE
	EndGlobalSection
	GlobalSection(ExtensibilityGlobals) = postSolution
		SolutionGuid = {87713B77-797E-4ED1-941A-851C0A367B60}
	EndGlobalSection
EndGlobal
