<?xml version="1.0" encoding="utf-8"?>
<Project ToolsVersion="4.0" xmlns="http://schemas.microsoft.com/developer/msbuild/2003">
  <ItemGroup>
    <Filter Include="Source Files">
      <UniqueIdentifier>{4FC737F1-C7A5-4376-A066-2A32D752A2FF}</UniqueIdentifier>
      <Extensions>cpp;c;cc;cxx;def;odl;idl;hpj;bat;asm;asmx</Extensions>
    </Filter>
    <Filter Include="Header Files">
      <UniqueIdentifier>{93995380-89BD-4b04-88EB-625FBE52EBFB}</UniqueIdentifier>
      <Extensions>h;hh;hpp;hxx;hm;inl;inc;xsd</Extensions>
    </Filter>
    <Filter Include="Resource Files">
      <UniqueIdentifier>{67DA6AB6-F800-4c08-8B7A-83BB121AAD01}</UniqueIdentifier>
      <Extensions>rc;ico;cur;bmp;dlg;rc2;rct;bin;rgs;gif;jpg;jpeg;jpe;resx;tiff;tif;png;wav;mfcribbon-ms</Extensions>
    </Filter>
  </ItemGroup>
  <ItemGroup>
    <ClInclude Include="..\include\libcppcryptfs\aes.h">
      <Filter>Header Files</Filter>
    </ClInclude>
    <ClInclude Include="..\include\libcppcryptfs\aes256-cmac.h">
      <Filter>Header Files</Filter>
    </ClInclude>
    <ClInclude Include="..\include\libcppcryptfs\aes256-common.h">
      <Filter>Header Files</Filter>
    </ClInclude>
    <ClInclude Include="..\include\libcppcryptfs\aes256-ctr.h">
      <Filter>Header Files</Filter>
    </ClInclude>
    <ClInclude Include="..\include\libcppcryptfs\aes256-siv.h">
      <Filter>Header Files</Filter>
    </ClInclude>
    <ClInclude Include="..\include\libcppcryptfs\casecache.h">
      <Filter>Header Files</Filter>
    </ClInclude>
    <ClInclude Include="..\include\libcppcryptfs\crypt.h">
      <Filter>Header Files</Filter>
    </ClInclude>
    <ClInclude Include="..\include\libcppcryptfs\cryptconfig.h">
      <Filter>Header Files</Filter>
    </ClInclude>
    <ClInclude Include="..\include\libcppcryptfs\cryptcontext.h">
      <Filter>Header Files</Filter>
    </ClInclude>
    <ClInclude Include="..\include\libcppcryptfs\cryptdefs.h">
      <Filter>Header Files</Filter>
    </ClInclude>
    <ClInclude Include="..\include\libcppcryptfs\cryptfilename.h">
      <Filter>Header Files</Filter>
    </ClInclude>
    <ClInclude Include="..\include\libcppcryptfs\cryptio.h">
      <Filter>Header Files</Filter>
    </ClInclude>
    <ClInclude Include="..\include\libcppcryptfs\dirivcache.h">
      <Filter>Header Files</Filter>
    </ClInclude>
    <ClInclude Include="..\include\libcppcryptfs\eme.h">
      <Filter>Header Files</Filter>
    </ClInclude>
    <ClInclude Include="..\include\libcppcryptfs\fileutil.h">
      <Filter>Header Files</Filter>
    </ClInclude>
    <ClInclude Include="..\include\libcppcryptfs\FsInfo.h">
      <Filter>Header Files</Filter>
    </ClInclude>
    <ClInclude Include="..\include\libcppcryptfs\LockZeroBuffer.h">
      <Filter>Header Files</Filter>
    </ClInclude>
    <ClInclude Include="..\include\libcppcryptfs\longfilenamecache.h">
      <Filter>Header Files</Filter>
    </ClInclude>
    <ClInclude Include="..\include\libcppcryptfs\pad16.h">
      <Filter>Header Files</Filter>
    </ClInclude>
    <ClInclude Include="..\include\libcppcryptfs\randombytes.h">
      <Filter>Header Files</Filter>
    </ClInclude>
    <ClInclude Include="..\include\libcppcryptfs\siv.h">
      <Filter>Header Files</Filter>
    </ClInclude>
    <ClInclude Include="..\include\libcppcryptfs\util.h">
      <Filter>Header Files</Filter>
    </ClInclude>
  </ItemGroup>
  <ItemGroup>
    <ClCompile Include="..\src\config\cryptconfig.cpp">
      <Filter>Source Files</Filter>
    </ClCompile>
    <ClCompile Include="..\src\context\cryptcontext.cpp">
      <Filter>Source Files</Filter>
    </ClCompile>
    <ClCompile Include="..\src\context\FsInfo.cpp">
      <Filter>Source Files</Filter>
    </ClCompile>
    <ClCompile Include="..\src\crypt\aes-siv\aes256-cmac.cpp">
      <Filter>Source Files</Filter>
    </ClCompile>
    <ClCompile Include="..\src\crypt\aes-siv\aes256-common.cpp">
      <Filter>Source Files</Filter>
    </ClCompile>
    <ClCompile Include="..\src\crypt\aes-siv\aes256-ctr.cpp">
      <Filter>Source Files</Filter>
    </ClCompile>
    <ClCompile Include="..\src\crypt\aes-siv\aes256-siv.cpp">
      <Filter>Source Files</Filter>
    </ClCompile>
    <ClCompile Include="..\src\crypt\aes.cpp">
      <Filter>Source Files</Filter>
    </ClCompile>
    <ClCompile Include="..\src\crypt\crypt.cpp">
      <Filter>Source Files</Filter>
    </ClCompile>
    <ClCompile Include="..\src\crypt\cryptio.cpp">
      <Filter>Source Files</Filter>
    </ClCompile>
    <ClCompile Include="..\src\crypt\eme.cpp">
      <Filter>Source Files</Filter>
    </ClCompile>
    <ClCompile Include="..\src\crypt\randombytes.cpp">
      <Filter>Source Files</Filter>
    </ClCompile>
    <ClCompile Include="..\src\crypt\siv.cpp">
      <Filter>Source Files</Filter>
    </ClCompile>
    <ClCompile Include="..\src\filename\casecache.cpp">
      <Filter>Source Files</Filter>
    </ClCompile>
    <ClCompile Include="..\src\filename\cryptfilename.cpp">
      <Filter>Source Files</Filter>
    </ClCompile>
    <ClCompile Include="..\src\filename\dirivcache.cpp">
      <Filter>Source Files</Filter>
    </ClCompile>
    <ClCompile Include="..\src\filename\longfilenamecache.cpp">
      <Filter>Source Files</Filter>
    </ClCompile>
    <ClCompile Include="..\src\util\fileutil.cpp">
      <Filter>Source Files</Filter>
    </ClCompile>
    <ClCompile Include="..\src\util\pad16.cpp">
      <Filter>Source Files</Filter>
    </ClCompile>
    <ClCompile Include="..\src\util\util.cpp">
      <Filter>Source Files</Filter>
    </ClCompile>
  </ItemGroup>
</Project>